// !$*UTF8*$!
{
	archiveVersion = 1;
	classes = {
	};
	objectVersion = 55;
	objects = {

/* Begin PBXBuildFile section */
		3878F90B278202F100C89391 /* AppDelegate.swift in Sources */ = {isa = PBXBuildFile; fileRef = 3878F90A278202F100C89391 /* AppDelegate.swift */; };
		3878F90D278202F100C89391 /* SceneDelegate.swift in Sources */ = {isa = PBXBuildFile; fileRef = 3878F90C278202F100C89391 /* SceneDelegate.swift */; };
		3878F90F278202F100C89391 /* ViewController.swift in Sources */ = {isa = PBXBuildFile; fileRef = 3878F90E278202F100C89391 /* ViewController.swift */; };
		3878F912278202F100C89391 /* Main.storyboard in Resources */ = {isa = PBXBuildFile; fileRef = 3878F910278202F100C89391 /* Main.storyboard */; };
		3878F914278202F300C89391 /* Assets.xcassets in Resources */ = {isa = PBXBuildFile; fileRef = 3878F913278202F300C89391 /* Assets.xcassets */; };
		3878F917278202F300C89391 /* LaunchScreen.storyboard in Resources */ = {isa = PBXBuildFile; fileRef = 3878F915278202F300C89391 /* LaunchScreen.storyboard */; };
		3878F922278202F300C89391 /* ReuseableCellExampleTests.swift in Sources */ = {isa = PBXBuildFile; fileRef = 3878F921278202F300C89391 /* ReuseableCellExampleTests.swift */; };
		3878F92C278202F300C89391 /* ReuseableCellExampleUITests.swift in Sources */ = {isa = PBXBuildFile; fileRef = 3878F92B278202F300C89391 /* ReuseableCellExampleUITests.swift */; };
		3878F92E278202F300C89391 /* ReuseableCellExampleUITestsLaunchTests.swift in Sources */ = {isa = PBXBuildFile; fileRef = 3878F92D278202F300C89391 /* ReuseableCellExampleUITestsLaunchTests.swift */; };
/* End PBXBuildFile section */

/* Begin PBXContainerItemProxy section */
		3878F91E278202F300C89391 /* PBXContainerItemProxy */ = {
			isa = PBXContainerItemProxy;
			containerPortal = 3878F8FF278202F000C89391 /* Project object */;
			proxyType = 1;
			remoteGlobalIDString = 3878F906278202F100C89391;
			remoteInfo = ReuseableCellExample;
		};
		3878F928278202F300C89391 /* PBXContainerItemProxy */ = {
			isa = PBXContainerItemProxy;
			containerPortal = 3878F8FF278202F000C89391 /* Project object */;
			proxyType = 1;
			remoteGlobalIDString = 3878F906278202F100C89391;
			remoteInfo = ReuseableCellExample;
		};
/* End PBXContainerItemProxy section */

/* Begin PBXFileReference section */
		3878F907278202F100C89391 /* ReuseableCellExample.app */ = {isa = PBXFileReference; explicitFileType = wrapper.application; includeInIndex = 0; path = ReuseableCellExample.app; sourceTree = BUILT_PRODUCTS_DIR; };
		3878F90A278202F100C89391 /* AppDelegate.swift */ = {isa = PBXFileReference; lastKnownFileType = sourcecode.swift; path = AppDelegate.swift; sourceTree = "<group>"; };
		3878F90C278202F100C89391 /* SceneDelegate.swift */ = {isa = PBXFileReference; lastKnownFileType = sourcecode.swift; path = SceneDelegate.swift; sourceTree = "<group>"; };
		3878F90E278202F100C89391 /* ViewController.swift */ = {isa = PBXFileReference; lastKnownFileType = sourcecode.swift; path = ViewController.swift; sourceTree = "<group>"; };
		3878F911278202F100C89391 /* Base */ = {isa = PBXFileReference; lastKnownFileType = file.storyboard; name = Base; path = Base.lproj/Main.storyboard; sourceTree = "<group>"; };
		3878F913278202F300C89391 /* Assets.xcassets */ = {isa = PBXFileReference; lastKnownFileType = folder.assetcatalog; path = Assets.xcassets; sourceTree = "<group>"; };
		3878F916278202F300C89391 /* Base */ = {isa = PBXFileReference; lastKnownFileType = file.storyboard; name = Base; path = Base.lproj/LaunchScreen.storyboard; sourceTree = "<group>"; };
		3878F918278202F300C89391 /* Info.plist */ = {isa = PBXFileReference; lastKnownFileType = text.plist.xml; path = Info.plist; sourceTree = "<group>"; };
		3878F91D278202F300C89391 /* ReuseableCellExampleTests.xctest */ = {isa = PBXFileReference; explicitFileType = wrapper.cfbundle; includeInIndex = 0; path = ReuseableCellExampleTests.xctest; sourceTree = BUILT_PRODUCTS_DIR; };
		3878F921278202F300C89391 /* ReuseableCellExampleTests.swift */ = {isa = PBXFileReference; lastKnownFileType = sourcecode.swift; path = ReuseableCellExampleTests.swift; sourceTree = "<group>"; };
		3878F927278202F300C89391 /* ReuseableCellExampleUITests.xctest */ = {isa = PBXFileReference; explicitFileType = wrapper.cfbundle; includeInIndex = 0; path = ReuseableCellExampleUITests.xctest; sourceTree = BUILT_PRODUCTS_DIR; };
		3878F92B278202F300C89391 /* ReuseableCellExampleUITests.swift */ = {isa = PBXFileReference; lastKnownFileType = sourcecode.swift; path = ReuseableCellExampleUITests.swift; sourceTree = "<group>"; };
		3878F92D278202F300C89391 /* ReuseableCellExampleUITestsLaunchTests.swift */ = {isa = PBXFileReference; lastKnownFileType = sourcecode.swift; path = ReuseableCellExampleUITestsLaunchTests.swift; sourceTree = "<group>"; };
/* End PBXFileReference section */

/* Begin PBXFrameworksBuildPhase section */
		3878F904278202F100C89391 /* Frameworks */ = {
			isa = PBXFrameworksBuildPhase;
			buildActionMask = 2147483647;
			files = (
			);
			runOnlyForDeploymentPostprocessing = 0;
		};
		3878F91A278202F300C89391 /* Frameworks */ = {
			isa = PBXFrameworksBuildPhase;
			buildActionMask = 2147483647;
			files = (
			);
			runOnlyForDeploymentPostprocessing = 0;
		};
		3878F924278202F300C89391 /* Frameworks */ = {
			isa = PBXFrameworksBuildPhase;
			buildActionMask = 2147483647;
			files = (
			);
			runOnlyForDeploymentPostprocessing = 0;
		};
/* End PBXFrameworksBuildPhase section */

/* Begin PBXGroup section */
		3878F8FE278202F000C89391 = {
			isa = PBXGroup;
			children = (
				3878F909278202F100C89391 /* ReuseableCellExample */,
				3878F920278202F300C89391 /* ReuseableCellExampleTests */,
				3878F92A278202F300C89391 /* ReuseableCellExampleUITests */,
				3878F908278202F100C89391 /* Products */,
			);
			sourceTree = "<group>";
		};
		3878F908278202F100C89391 /* Products */ = {
			isa = PBXGroup;
			children = (
				3878F907278202F100C89391 /* ReuseableCellExample.app */,
				3878F91D278202F300C89391 /* ReuseableCellExampleTests.xctest */,
				3878F927278202F300C89391 /* ReuseableCellExampleUITests.xctest */,
			);
			name = Products;
			sourceTree = "<group>";
		};
		3878F909278202F100C89391 /* ReuseableCellExample */ = {
			isa = PBXGroup;
			children = (
				3878F90A278202F100C89391 /* AppDelegate.swift */,
				3878F90C278202F100C89391 /* SceneDelegate.swift */,
				3878F90E278202F100C89391 /* ViewController.swift */,
				3878F910278202F100C89391 /* Main.storyboard */,
				3878F913278202F300C89391 /* Assets.xcassets */,
				3878F915278202F300C89391 /* LaunchScreen.storyboard */,
				3878F918278202F300C89391 /* Info.plist */,
			);
			path = ReuseableCellExample;
			sourceTree = "<group>";
		};
		3878F920278202F300C89391 /* ReuseableCellExampleTests */ = {
			isa = PBXGroup;
			children = (
				3878F921278202F300C89391 /* ReuseableCellExampleTests.swift */,
			);
			path = ReuseableCellExampleTests;
			sourceTree = "<group>";
		};
		3878F92A278202F300C89391 /* ReuseableCellExampleUITests */ = {
			isa = PBXGroup;
			children = (
				3878F92B278202F300C89391 /* ReuseableCellExampleUITests.swift */,
				3878F92D278202F300C89391 /* ReuseableCellExampleUITestsLaunchTests.swift */,
			);
			path = ReuseableCellExampleUITests;
			sourceTree = "<group>";
		};
/* End PBXGroup section */

/* Begin PBXNativeTarget section */
		3878F906278202F100C89391 /* ReuseableCellExample */ = {
			isa = PBXNativeTarget;
			buildConfigurationList = 3878F931278202F300C89391 /* Build configuration list for PBXNativeTarget "ReuseableCellExample" */;
			buildPhases = (
				3878F903278202F100C89391 /* Sources */,
				3878F904278202F100C89391 /* Frameworks */,
				3878F905278202F100C89391 /* Resources */,
			);
			buildRules = (
			);
			dependencies = (
			);
			name = ReuseableCellExample;
			productName = ReuseableCellExample;
			productReference = 3878F907278202F100C89391 /* ReuseableCellExample.app */;
			productType = "com.apple.product-type.application";
		};
		3878F91C278202F300C89391 /* ReuseableCellExampleTests */ = {
			isa = PBXNativeTarget;
			buildConfigurationList = 3878F934278202F300C89391 /* Build configuration list for PBXNativeTarget "ReuseableCellExampleTests" */;
			buildPhases = (
				3878F919278202F300C89391 /* Sources */,
				3878F91A278202F300C89391 /* Frameworks */,
				3878F91B278202F300C89391 /* Resources */,
			);
			buildRules = (
			);
			dependencies = (
				3878F91F278202F300C89391 /* PBXTargetDependency */,
			);
			name = ReuseableCellExampleTests;
			productName = ReuseableCellExampleTests;
			productReference = 3878F91D278202F300C89391 /* ReuseableCellExampleTests.xctest */;
			productType = "com.apple.product-type.bundle.unit-test";
		};
		3878F926278202F300C89391 /* ReuseableCellExampleUITests */ = {
			isa = PBXNativeTarget;
			buildConfigurationList = 3878F937278202F300C89391 /* Build configuration list for PBXNativeTarget "ReuseableCellExampleUITests" */;
			buildPhases = (
				3878F923278202F300C89391 /* Sources */,
				3878F924278202F300C89391 /* Frameworks */,
				3878F925278202F300C89391 /* Resources */,
			);
			buildRules = (
			);
			dependencies = (
				3878F929278202F300C89391 /* PBXTargetDependency */,
			);
			name = ReuseableCellExampleUITests;
			productName = ReuseableCellExampleUITests;
			productReference = 3878F927278202F300C89391 /* ReuseableCellExampleUITests.xctest */;
			productType = "com.apple.product-type.bundle.ui-testing";
		};
/* End PBXNativeTarget section */

/* Begin PBXProject section */
		3878F8FF278202F000C89391 /* Project object */ = {
			isa = PBXProject;
			attributes = {
				BuildIndependentTargetsInParallel = 1;
				LastSwiftUpdateCheck = 1320;
				LastUpgradeCheck = 1320;
				TargetAttributes = {
					3878F906278202F100C89391 = {
						CreatedOnToolsVersion = 13.2.1;
					};
					3878F91C278202F300C89391 = {
						CreatedOnToolsVersion = 13.2.1;
						TestTargetID = 3878F906278202F100C89391;
					};
					3878F926278202F300C89391 = {
						CreatedOnToolsVersion = 13.2.1;
						TestTargetID = 3878F906278202F100C89391;
					};
				};
			};
			buildConfigurationList = 3878F902278202F000C89391 /* Build configuration list for PBXProject "ReuseableCellExample" */;
			compatibilityVersion = "Xcode 13.0";
			developmentRegion = en;
			hasScannedForEncodings = 0;
			knownRegions = (
				en,
				Base,
			);
			mainGroup = 3878F8FE278202F000C89391;
			productRefGroup = 3878F908278202F100C89391 /* Products */;
			projectDirPath = "";
			projectRoot = "";
			targets = (
				3878F906278202F100C89391 /* ReuseableCellExample */,
				3878F91C278202F300C89391 /* ReuseableCellExampleTests */,
				3878F926278202F300C89391 /* ReuseableCellExampleUITests */,
			);
		};
/* End PBXProject section */

/* Begin PBXResourcesBuildPhase section */
		3878F905278202F100C89391 /* Resources */ = {
			isa = PBXResourcesBuildPhase;
			buildActionMask = 2147483647;
			files = (
				3878F917278202F300C89391 /* LaunchScreen.storyboard in Resources */,
				3878F914278202F300C89391 /* Assets.xcassets in Resources */,
				3878F912278202F100C89391 /* Main.storyboard in Resources */,
			);
			runOnlyForDeploymentPostprocessing = 0;
		};
		3878F91B278202F300C89391 /* Resources */ = {
			isa = PBXResourcesBuildPhase;
			buildActionMask = 2147483647;
			files = (
			);
			runOnlyForDeploymentPostprocessing = 0;
		};
		3878F925278202F300C89391 /* Resources */ = {
			isa = PBXResourcesBuildPhase;
			buildActionMask = 2147483647;
			files = (
			);
			runOnlyForDeploymentPostprocessing = 0;
		};
/* End PBXResourcesBuildPhase section */

/* Begin PBXSourcesBuildPhase section */
		3878F903278202F100C89391 /* Sources */ = {
			isa = PBXSourcesBuildPhase;
			buildActionMask = 2147483647;
			files = (
				3878F90F278202F100C89391 /* ViewController.swift in Sources */,
				3878F90B278202F100C89391 /* AppDelegate.swift in Sources */,
				3878F90D278202F100C89391 /* SceneDelegate.swift in Sources */,
			);
			runOnlyForDeploymentPostprocessing = 0;
		};
		3878F919278202F300C89391 /* Sources */ = {
			isa = PBXSourcesBuildPhase;
			buildActionMask = 2147483647;
			files = (
				3878F922278202F300C89391 /* ReuseableCellExampleTests.swift in Sources */,
			);
			runOnlyForDeploymentPostprocessing = 0;
		};
		3878F923278202F300C89391 /* Sources */ = {
			isa = PBXSourcesBuildPhase;
			buildActionMask = 2147483647;
			files = (
				3878F92E278202F300C89391 /* ReuseableCellExampleUITestsLaunchTests.swift in Sources */,
				3878F92C278202F300C89391 /* ReuseableCellExampleUITests.swift in Sources */,
			);
			runOnlyForDeploymentPostprocessing = 0;
		};
/* End PBXSourcesBuildPhase section */

/* Begin PBXTargetDependency section */
		3878F91F278202F300C89391 /* PBXTargetDependency */ = {
			isa = PBXTargetDependency;
			target = 3878F906278202F100C89391 /* ReuseableCellExample */;
			targetProxy = 3878F91E278202F300C89391 /* PBXContainerItemProxy */;
		};
		3878F929278202F300C89391 /* PBXTargetDependency */ = {
			isa = PBXTargetDependency;
			target = 3878F906278202F100C89391 /* ReuseableCellExample */;
			targetProxy = 3878F928278202F300C89391 /* PBXContainerItemProxy */;
		};
/* End PBXTargetDependency section */

/* Begin PBXVariantGroup section */
		3878F910278202F100C89391 /* Main.storyboard */ = {
			isa = PBXVariantGroup;
			children = (
				3878F911278202F100C89391 /* Base */,
			);
			name = Main.storyboard;
			sourceTree = "<group>";
		};
		3878F915278202F300C89391 /* LaunchScreen.storyboard */ = {
			isa = PBXVariantGroup;
			children = (
				3878F916278202F300C89391 /* Base */,
			);
			name = LaunchScreen.storyboard;
			sourceTree = "<group>";
		};
/* End PBXVariantGroup section */

/* Begin XCBuildConfiguration section */
		3878F92F278202F300C89391 /* Debug */ = {
			isa = XCBuildConfiguration;
			buildSettings = {
				ALWAYS_SEARCH_USER_PATHS = NO;
				CLANG_ANALYZER_NONNULL = YES;
				CLANG_ANALYZER_NUMBER_OBJECT_CONVERSION = YES_AGGRESSIVE;
				CLANG_CXX_LANGUAGE_STANDARD = "gnu++17";
				CLANG_CXX_LIBRARY = "libc++";
				CLANG_ENABLE_MODULES = YES;
				CLANG_ENABLE_OBJC_ARC = YES;
				CLANG_ENABLE_OBJC_WEAK = YES;
				CLANG_WARN_BLOCK_CAPTURE_AUTORELEASING = YES;
				CLANG_WARN_BOOL_CONVERSION = YES;
				CLANG_WARN_COMMA = YES;
				CLANG_WARN_CONSTANT_CONVERSION = YES;
				CLANG_WARN_DEPRECATED_OBJC_IMPLEMENTATIONS = YES;
				CLANG_WARN_DIRECT_OBJC_ISA_USAGE = YES_ERROR;
				CLANG_WARN_DOCUMENTATION_COMMENTS = YES;
				CLANG_WARN_EMPTY_BODY = YES;
				CLANG_WARN_ENUM_CONVERSION = YES;
				CLANG_WARN_INFINITE_RECURSION = YES;
				CLANG_WARN_INT_CONVERSION = YES;
				CLANG_WARN_NON_LITERAL_NULL_CONVERSION = YES;
				CLANG_WARN_OBJC_IMPLICIT_RETAIN_SELF = YES;
				CLANG_WARN_OBJC_LITERAL_CONVERSION = YES;
				CLANG_WARN_OBJC_ROOT_CLASS = YES_ERROR;
				CLANG_WARN_QUOTED_INCLUDE_IN_FRAMEWORK_HEADER = YES;
				CLANG_WARN_RANGE_LOOP_ANALYSIS = YES;
				CLANG_WARN_STRICT_PROTOTYPES = YES;
				CLANG_WARN_SUSPICIOUS_MOVE = YES;
				CLANG_WARN_UNGUARDED_AVAILABILITY = YES_AGGRESSIVE;
				CLANG_WARN_UNREACHABLE_CODE = YES;
				CLANG_WARN__DUPLICATE_METHOD_MATCH = YES;
				COPY_PHASE_STRIP = NO;
				DEBUG_INFORMATION_FORMAT = dwarf;
				ENABLE_STRICT_OBJC_MSGSEND = YES;
				ENABLE_TESTABILITY = YES;
				GCC_C_LANGUAGE_STANDARD = gnu11;
				GCC_DYNAMIC_NO_PIC = NO;
				GCC_NO_COMMON_BLOCKS = YES;
				GCC_OPTIMIZATION_LEVEL = 0;
				GCC_PREPROCESSOR_DEFINITIONS = (
					"DEBUG=1",
					"$(inherited)",
				);
				GCC_WARN_64_TO_32_BIT_CONVERSION = YES;
				GCC_WARN_ABOUT_RETURN_TYPE = YES_ERROR;
				GCC_WARN_UNDECLARED_SELECTOR = YES;
				GCC_WARN_UNINITIALIZED_AUTOS = YES_AGGRESSIVE;
				GCC_WARN_UNUSED_FUNCTION = YES;
				GCC_WARN_UNUSED_VARIABLE = YES;
				IPHONEOS_DEPLOYMENT_TARGET = 15.2;
				MTL_ENABLE_DEBUG_INFO = INCLUDE_SOURCE;
				MTL_FAST_MATH = YES;
				ONLY_ACTIVE_ARCH = YES;
				SDKROOT = iphoneos;
				SWIFT_ACTIVE_COMPILATION_CONDITIONS = DEBUG;
				SWIFT_OPTIMIZATION_LEVEL = "-Onone";
			};
			name = Debug;
		};
		3878F930278202F300C89391 /* Release */ = {
			isa = XCBuildConfiguration;
			buildSettings = {
				ALWAYS_SEARCH_USER_PATHS = NO;
				CLANG_ANALYZER_NONNULL = YES;
				CLANG_ANALYZER_NUMBER_OBJECT_CONVERSION = YES_AGGRESSIVE;
				CLANG_CXX_LANGUAGE_STANDARD = "gnu++17";
				CLANG_CXX_LIBRARY = "libc++";
				CLANG_ENABLE_MODULES = YES;
				CLANG_ENABLE_OBJC_ARC = YES;
				CLANG_ENABLE_OBJC_WEAK = YES;
				CLANG_WARN_BLOCK_CAPTURE_AUTORELEASING = YES;
				CLANG_WARN_BOOL_CONVERSION = YES;
				CLANG_WARN_COMMA = YES;
				CLANG_WARN_CONSTANT_CONVERSION = YES;
				CLANG_WARN_DEPRECATED_OBJC_IMPLEMENTATIONS = YES;
				CLANG_WARN_DIRECT_OBJC_ISA_USAGE = YES_ERROR;
				CLANG_WARN_DOCUMENTATION_COMMENTS = YES;
				CLANG_WARN_EMPTY_BODY = YES;
				CLANG_WARN_ENUM_CONVERSION = YES;
				CLANG_WARN_INFINITE_RECURSION = YES;
				CLANG_WARN_INT_CONVERSION = YES;
				CLANG_WARN_NON_LITERAL_NULL_CONVERSION = YES;
				CLANG_WARN_OBJC_IMPLICIT_RETAIN_SELF = YES;
				CLANG_WARN_OBJC_LITERAL_CONVERSION = YES;
				CLANG_WARN_OBJC_ROOT_CLASS = YES_ERROR;
				CLANG_WARN_QUOTED_INCLUDE_IN_FRAMEWORK_HEADER = YES;
				CLANG_WARN_RANGE_LOOP_ANALYSIS = YES;
				CLANG_WARN_STRICT_PROTOTYPES = YES;
				CLANG_WARN_SUSPICIOUS_MOVE = YES;
				CLANG_WARN_UNGUARDED_AVAILABILITY = YES_AGGRESSIVE;
				CLANG_WARN_UNREACHABLE_CODE = YES;
				CLANG_WARN__DUPLICATE_METHOD_MATCH = YES;
				COPY_PHASE_STRIP = NO;
				DEBUG_INFORMATION_FORMAT = "dwarf-with-dsym";
				ENABLE_NS_ASSERTIONS = NO;
				ENABLE_STRICT_OBJC_MSGSEND = YES;
				GCC_C_LANGUAGE_STANDARD = gnu11;
				GCC_NO_COMMON_BLOCKS = YES;
				GCC_WARN_64_TO_32_BIT_CONVERSION = YES;
				GCC_WARN_ABOUT_RETURN_TYPE = YES_ERROR;
				GCC_WARN_UNDECLARED_SELECTOR = YES;
				GCC_WARN_UNINITIALIZED_AUTOS = YES_AGGRESSIVE;
				GCC_WARN_UNUSED_FUNCTION = YES;
				GCC_WARN_UNUSED_VARIABLE = YES;
				IPHONEOS_DEPLOYMENT_TARGET = 15.2;
				MTL_ENABLE_DEBUG_INFO = NO;
				MTL_FAST_MATH = YES;
				SDKROOT = iphoneos;
				SWIFT_COMPILATION_MODE = wholemodule;
				SWIFT_OPTIMIZATION_LEVEL = "-O";
				VALIDATE_PRODUCT = YES;
			};
			name = Release;
		};
		3878F932278202F300C89391 /* Debug */ = {
			isa = XCBuildConfiguration;
			buildSettings = {
				ASSETCATALOG_COMPILER_APPICON_NAME = AppIcon;
				ASSETCATALOG_COMPILER_GLOBAL_ACCENT_COLOR_NAME = AccentColor;
				CODE_SIGN_STYLE = Automatic;
				CURRENT_PROJECT_VERSION = 1;
				GENERATE_INFOPLIST_FILE = YES;
				INFOPLIST_FILE = ReuseableCellExample/Info.plist;
				INFOPLIST_KEY_UIApplicationSupportsIndirectInputEvents = YES;
				INFOPLIST_KEY_UILaunchStoryboardName = LaunchScreen;
				INFOPLIST_KEY_UIMainStoryboardFile = Main;
				INFOPLIST_KEY_UISupportedInterfaceOrientations_iPad = "UIInterfaceOrientationPortrait UIInterfaceOrientationPortraitUpsideDown UIInterfaceOrientationLandscapeLeft UIInterfaceOrientationLandscapeRight";
				INFOPLIST_KEY_UISupportedInterfaceOrientations_iPhone = "UIInterfaceOrientationPortrait UIInterfaceOrientationLandscapeLeft UIInterfaceOrientationLandscapeRight";
				LD_RUNPATH_SEARCH_PATHS = (
					"$(inherited)",
					"@executable_path/Frameworks",
				);
				MARKETING_VERSION = 1.0;
				PRODUCT_BUNDLE_IDENTIFIER = com.shreesha.com.ReuseableCellExample;
				PRODUCT_NAME = "$(TARGET_NAME)";
				SWIFT_EMIT_LOC_STRINGS = YES;
				SWIFT_VERSION = 5.0;
				TARGETED_DEVICE_FAMILY = "1,2";
			};
			name = Debug;
		};
		3878F933278202F300C89391 /* Release */ = {
			isa = XCBuildConfiguration;
			buildSettings = {
				ASSETCATALOG_COMPILER_APPICON_NAME = AppIcon;
				ASSETCATALOG_COMPILER_GLOBAL_ACCENT_COLOR_NAME = AccentColor;
				CODE_SIGN_STYLE = Automatic;
				CURRENT_PROJECT_VERSION = 1;
				GENERATE_INFOPLIST_FILE = YES;
				INFOPLIST_FILE = ReuseableCellExample/Info.plist;
				INFOPLIST_KEY_UIApplicationSupportsIndirectInputEvents = YES;
				INFOPLIST_KEY_UILaunchStoryboardName = LaunchScreen;
				INFOPLIST_KEY_UIMainStoryboardFile = Main;
				INFOPLIST_KEY_UISupportedInterfaceOrientations_iPad = "UIInterfaceOrientationPortrait UIInterfaceOrientationPortraitUpsideDown UIInterfaceOrientationLandscapeLeft UIInterfaceOrientationLandscapeRight";
				INFOPLIST_KEY_UISupportedInterfaceOrientations_iPhone = "UIInterfaceOrientationPortrait UIInterfaceOrientationLandscapeLeft UIInterfaceOrientationLandscapeRight";
				LD_RUNPATH_SEARCH_PATHS = (
					"$(inherited)",
					"@executable_path/Frameworks",
				);
				MARKETING_VERSION = 1.0;
				PRODUCT_BUNDLE_IDENTIFIER = com.shreesha.com.ReuseableCellExample;
				PRODUCT_NAME = "$(TARGET_NAME)";
				SWIFT_EMIT_LOC_STRINGS = YES;
				SWIFT_VERSION = 5.0;
				TARGETED_DEVICE_FAMILY = "1,2";
			};
			name = Release;
		};
		3878F935278202F300C89391 /* Debug */ = {
			isa = XCBuildConfiguration;
			buildSettings = {
				ALWAYS_EMBED_SWIFT_STANDARD_LIBRARIES = YES;
				BUNDLE_LOADER = "$(TEST_HOST)";
				CODE_SIGN_STYLE = Automatic;
				CURRENT_PROJECT_VERSION = 1;
				GENERATE_INFOPLIST_FILE = YES;
				IPHONEOS_DEPLOYMENT_TARGET = 15.2;
				MARKETING_VERSION = 1.0;
				PRODUCT_BUNDLE_IDENTIFIER = com.shreesha.com.ReuseableCellExampleTests;
				PRODUCT_NAME = "$(TARGET_NAME)";
				SWIFT_EMIT_LOC_STRINGS = NO;
				SWIFT_VERSION = 5.0;
				TARGETED_DEVICE_FAMILY = "1,2";
				TEST_HOST = "$(BUILT_PRODUCTS_DIR)/ReuseableCellExample.app/ReuseableCellExample";
			};
			name = Debug;
		};
		3878F936278202F300C89391 /* Release */ = {
			isa = XCBuildConfiguration;
			buildSettings = {
				ALWAYS_EMBED_SWIFT_STANDARD_LIBRARIES = YES;
				BUNDLE_LOADER = "$(TEST_HOST)";
				CODE_SIGN_STYLE = Automatic;
				CURRENT_PROJECT_VERSION = 1;
				GENERATE_INFOPLIST_FILE = YES;
				IPHONEOS_DEPLOYMENT_TARGET = 15.2;
				MARKETING_VERSION = 1.0;
				PRODUCT_BUNDLE_IDENTIFIER = com.shreesha.com.ReuseableCellExampleTests;
				PRODUCT_NAME = "$(TARGET_NAME)";
				SWIFT_EMIT_LOC_STRINGS = NO;
				SWIFT_VERSION = 5.0;
				TARGETED_DEVICE_FAMILY = "1,2";
				TEST_HOST = "$(BUILT_PRODUCTS_DIR)/ReuseableCellExample.app/ReuseableCellExample";
			};
			name = Release;
		};
		3878F938278202F300C89391 /* Debug */ = {
			isa = XCBuildConfiguration;
			buildSettings = {
				ALWAYS_EMBED_SWIFT_STANDARD_LIBRARIES = YES;
				CODE_SIGN_STYLE = Automatic;
				CURRENT_PROJECT_VERSION = 1;
				GENERATE_INFOPLIST_FILE = YES;
				MARKETING_VERSION = 1.0;
				PRODUCT_BUNDLE_IDENTIFIER = com.shreesha.com.ReuseableCellExampleUITests;
				PRODUCT_NAME = "$(TARGET_NAME)";
				SWIFT_EMIT_LOC_STRINGS = NO;
				SWIFT_VERSION = 5.0;
				TARGETED_DEVICE_FAMILY = "1,2";
				TEST_TARGET_NAME = ReuseableCellExample;
			};
			name = Debug;
		};
		3878F939278202F300C89391 /* Release */ = {
			isa = XCBuildConfiguration;
			buildSettings = {
				ALWAYS_EMBED_SWIFT_STANDARD_LIBRARIES = YES;
				CODE_SIGN_STYLE = Automatic;
				CURRENT_PROJECT_VERSION = 1;
				GENERATE_INFOPLIST_FILE = YES;
				MARKETING_VERSION = 1.0;
				PRODUCT_BUNDLE_IDENTIFIER = com.shreesha.com.ReuseableCellExampleUITests;
				PRODUCT_NAME = "$(TARGET_NAME)";
				SWIFT_EMIT_LOC_STRINGS = NO;
				SWIFT_VERSION = 5.0;
				TARGETED_DEVICE_FAMILY = "1,2";
				TEST_TARGET_NAME = ReuseableCellExample;
			};
			name = Release;
		};
/* End XCBuildConfiguration section */

/* Begin XCConfigurationList section */
		3878F902278202F000C89391 /* Build configuration list for PBXProject "ReuseableCellExample" */ = {
			isa = XCConfigurationList;
			buildConfigurations = (
				3878F92F278202F300C89391 /* Debug */,
				3878F930278202F300C89391 /* Release */,
			);
			defaultConfigurationIsVisible = 0;
			defaultConfigurationName = Release;
		};
		3878F931278202F300C89391 /* Build configuration list for PBXNativeTarget "ReuseableCellExample" */ = {
			isa = XCConfigurationList;
			buildConfigurations = (
				3878F932278202F300C89391 /* Debug */,
				3878F933278202F300C89391 /* Release */,
			);
			defaultConfigurationIsVisible = 0;
			defaultConfigurationName = Release;
		};
		3878F934278202F300C89391 /* Build configuration list for PBXNativeTarget "ReuseableCellExampleTests" */ = {
			isa = XCConfigurationList;
			buildConfigurations = (
				3878F935278202F300C89391 /* Debug */,
				3878F936278202F300C89391 /* Release */,
			);
			defaultConfigurationIsVisible = 0;
			defaultConfigurationName = Release;
		};
		3878F937278202F300C89391 /* Build configuration list for PBXNativeTarget "ReuseableCellExampleUITests" */ = {
			isa = XCConfigurationList;
			buildConfigurations = (
				3878F938278202F300C89391 /* Debug */,
				3878F939278202F300C89391 /* Release */,
			);
			defaultConfigurationIsVisible = 0;
			defaultConfigurationName = Release;
		};
/* End XCConfigurationList section */
	};
	rootObject = 3878F8FF278202F000C89391 /* Project object */;
}
